
Microsoft Visual Studio Solution File, Format Version 12.00
# Visual Studio 15
VisualStudioVersion = 15.0.27428.1
MinimumVisualStudioVersion = 10.0.40219.1
Project("{FAE04EC0-301F-11D3-BF4B-00C04F79EFBC}") = "Fundamentals", "Fundamentals\Fundamentals.csproj", "{2B2A92C9-7CC4-4E40-8533-EAD42998119B}"
EndProject
Project("{FAE04EC0-301F-11D3-BF4B-00C04F79EFBC}") = "Fundamentals.Tests", "Fundamentals.Tests\Fundamentals.Tests.csproj", "{0096D51C-5947-4198-9607-A2CE6D7D40CD}"
EndProject
Global
	GlobalSection(SolutionConfigurationPlatforms) = preSolution
		Debug|Any CPU = Debug|Any CPU
		Release|Any CPU = Release|Any CPU
	EndGlobalSection
	GlobalSection(ProjectConfigurationPlatforms) = postSolution
		{2B2A92C9-7CC4-4E40-8533-EAD42998119B}.Debug|Any CPU.ActiveCfg = Debug|Any CPU
		{2B2A92C9-7CC4-4E40-8533-EAD42998119B}.Debug|Any CPU.Build.0 = Debug|Any CPU
		{2B2A92C9-7CC4-4E40-8533-EAD42998119B}.Release|Any CPU.ActiveCfg = Release|Any CPU
		{2B2A92C9-7CC4-4E40-8533-EAD42998119B}.Release|Any CPU.Build.0 = Release|Any CPU
		{0096D51C-5947-4198-9607-A2CE6D7D40CD}.Debug|Any CPU.ActiveCfg = Debug|Any CPU
		{0096D51C-5947-4198-9607-A2CE6D7D40CD}.Debug|Any CPU.Build.0 = Debug|Any CPU
		{0096D51C-5947-4198-9607-A2CE6D7D40CD}.Release|Any CPU.ActiveCfg = Release|Any CPU
		{0096D51C-5947-4198-9607-A2CE6D7D40CD}.Release|Any CPU.Build.0 = Release|Any CPU
	EndGlobalSection
	GlobalSection(SolutionProperties) = preSolution
		HideSolutionNode = FALSE
	EndGlobalSection
	GlobalSection(ExtensibilityGlobals) = postSolution
		SolutionGuid = {D8FDC994-3F1F-474D-A095-B2E3FB44445A}
	EndGlobalSection
EndGlobal
